
Microsoft Visual Studio Solution File, Format Version 12.00
# Visual Studio Version 16
VisualStudioVersion = 16.0.29519.181
MinimumVisualStudioVersion = 10.0.40219.1
Project("{FAE04EC0-301F-11D3-BF4B-00C04F79EFBC}") = "JudicialTest", "JudicialTest.csproj", "{502C291C-C846-4E7A-93D8-C2D722278E84}"
EndProject
Global
	GlobalSection(SolutionConfigurationPlatforms) = preSolution
		Debug|Any CPU = Debug|Any CPU
		Release|Any CPU = Release|Any CPU
	EndGlobalSection
	GlobalSection(ProjectConfigurationPlatforms) = postSolution
		{502C291C-C846-4E7A-93D8-C2D722278E84}.Debug|Any CPU.ActiveCfg = Debug|Any CPU
		{502C291C-C846-4E7A-93D8-C2D722278E84}.Debug|Any CPU.Build.0 = Debug|Any CPU
		{502C291C-C846-4E7A-93D8-C2D722278E84}.Release|Any CPU.ActiveCfg = Release|Any CPU
		{502C291C-C846-4E7A-93D8-C2D722278E84}.Release|Any CPU.Build.0 = Release|Any CPU
	EndGlobalSection
	GlobalSection(SolutionProperties) = preSolution
		HideSolutionNode = FALSE
	EndGlobalSection
	GlobalSection(ExtensibilityGlobals) = postSolution
		SolutionGuid = {2BFEDC9C-12DD-490D-966F-4626F5D26E51}
	EndGlobalSection
EndGlobal
